
Microsoft Visual Studio Solution File, Format Version 12.00
# Visual Studio Version 16
VisualStudioVersion = 16.0.30523.141
MinimumVisualStudioVersion = 10.0.40219.1
Project("{F184B08F-C81C-45F6-A57F-5ABD9991F28F}") = "Named Entity Recognition", "Named Entity Recognition.vbproj", "{E605F92C-5CA4-4D0F-AF68-AAD14FAED22F}"
EndProject
Global
	GlobalSection(SolutionConfigurationPlatforms) = preSolution
		Debug|Any CPU = Debug|Any CPU
		Release|Any CPU = Release|Any CPU
	EndGlobalSection
	GlobalSection(ProjectConfigurationPlatforms) = postSolution
		{E605F92C-5CA4-4D0F-AF68-AAD14FAED22F}.Debug|Any CPU.ActiveCfg = Debug|Any CPU
		{E605F92C-5CA4-4D0F-AF68-AAD14FAED22F}.Debug|Any CPU.Build.0 = Debug|Any CPU
		{E605F92C-5CA4-4D0F-AF68-AAD14FAED22F}.Release|Any CPU.ActiveCfg = Release|Any CPU
		{E605F92C-5CA4-4D0F-AF68-AAD14FAED22F}.Release|Any CPU.Build.0 = Release|Any CPU
	EndGlobalSection
	GlobalSection(SolutionProperties) = preSolution
		HideSolutionNode = FALSE
	EndGlobalSection
	GlobalSection(ExtensibilityGlobals) = postSolution
		SolutionGuid = {F5D41054-8756-403A-A0F2-CC3AE279E7CF}
	EndGlobalSection
EndGlobal
